
Microsoft Visual Studio Solution File, Format Version 10.00
# Visual Studio 2008
Project("{8BC9CEB8-8B4A-11D0-8D11-00A0C91BC942}") = "safemonpro", "safemonpro\safemonpro.vcproj", "{5DC11627-5D4F-4C74-B7E3-2DE00056A107}"
EndProject
Global
	GlobalSection(SolutionConfigurationPlatforms) = preSolution
		Debug_i18n|Win32 = Debug_i18n|Win32
		Debug|Win32 = Debug|Win32
		Release_i18n|Win32 = Release_i18n|Win32
		Release|Win32 = Release|Win32
	EndGlobalSection
	GlobalSection(ProjectConfigurationPlatforms) = postSolution
		{5DC11627-5D4F-4C74-B7E3-2DE00056A107}.Debug_i18n|Win32.ActiveCfg = Debug_i18n|Win32
		{5DC11627-5D4F-4C74-B7E3-2DE00056A107}.Debug_i18n|Win32.Build.0 = Debug_i18n|Win32
		{5DC11627-5D4F-4C74-B7E3-2DE00056A107}.Debug|Win32.ActiveCfg = Debug|Win32
		{5DC11627-5D4F-4C74-B7E3-2DE00056A107}.Debug|Win32.Build.0 = Debug|Win32
		{5DC11627-5D4F-4C74-B7E3-2DE00056A107}.Release_i18n|Win32.ActiveCfg = Release_i18n|Win32
		{5DC11627-5D4F-4C74-B7E3-2DE00056A107}.Release_i18n|Win32.Build.0 = Release_i18n|Win32
		{5DC11627-5D4F-4C74-B7E3-2DE00056A107}.Release|Win32.ActiveCfg = Release|Win32
		{5DC11627-5D4F-4C74-B7E3-2DE00056A107}.Release|Win32.Build.0 = Release|Win32
	EndGlobalSection
	GlobalSection(SolutionProperties) = preSolution
		HideSolutionNode = FALSE
	EndGlobalSection
EndGlobal
